
Microsoft Visual Studio Solution File, Format Version 12.00
# Visual Studio 2013
VisualStudioVersion = 12.0.31101.0
MinimumVisualStudioVersion = 10.0.40219.1
Project("{FAE04EC0-301F-11D3-BF4B-00C04F79EFBC}") = "DW.Common", "DW.Common\DW.Common.csproj", "{7A8C7903-8C2C-40F7-8197-45834E7D8F9A}"
EndProject
Project("{FAE04EC0-301F-11D3-BF4B-00C04F79EFBC}") = "DW.DAL", "DW.DAL\DW.DAL.csproj", "{48C3D2E8-172A-43E6-B6BE-D60BD610A3CD}"
EndProject
Project("{FAE04EC0-301F-11D3-BF4B-00C04F79EFBC}") = "DW.BL", "DW.BL\DW.BL.csproj", "{0B8F1AE5-81DF-4F0B-8E2D-E4D2BD8EFC11}"
EndProject
Global
	GlobalSection(SolutionConfigurationPlatforms) = preSolution
		Debug|Any CPU = Debug|Any CPU
		Release|Any CPU = Release|Any CPU
	EndGlobalSection
	GlobalSection(ProjectConfigurationPlatforms) = postSolution
		{7A8C7903-8C2C-40F7-8197-45834E7D8F9A}.Debug|Any CPU.ActiveCfg = Debug|Any CPU
		{7A8C7903-8C2C-40F7-8197-45834E7D8F9A}.Debug|Any CPU.Build.0 = Debug|Any CPU
		{7A8C7903-8C2C-40F7-8197-45834E7D8F9A}.Release|Any CPU.ActiveCfg = Release|Any CPU
		{7A8C7903-8C2C-40F7-8197-45834E7D8F9A}.Release|Any CPU.Build.0 = Release|Any CPU
		{48C3D2E8-172A-43E6-B6BE-D60BD610A3CD}.Debug|Any CPU.ActiveCfg = Debug|Any CPU
		{48C3D2E8-172A-43E6-B6BE-D60BD610A3CD}.Debug|Any CPU.Build.0 = Debug|Any CPU
		{48C3D2E8-172A-43E6-B6BE-D60BD610A3CD}.Release|Any CPU.ActiveCfg = Release|Any CPU
		{48C3D2E8-172A-43E6-B6BE-D60BD610A3CD}.Release|Any CPU.Build.0 = Release|Any CPU
		{0B8F1AE5-81DF-4F0B-8E2D-E4D2BD8EFC11}.Debug|Any CPU.ActiveCfg = Debug|Any CPU
		{0B8F1AE5-81DF-4F0B-8E2D-E4D2BD8EFC11}.Debug|Any CPU.Build.0 = Debug|Any CPU
		{0B8F1AE5-81DF-4F0B-8E2D-E4D2BD8EFC11}.Release|Any CPU.ActiveCfg = Release|Any CPU
		{0B8F1AE5-81DF-4F0B-8E2D-E4D2BD8EFC11}.Release|Any CPU.Build.0 = Release|Any CPU
	EndGlobalSection
	GlobalSection(SolutionProperties) = preSolution
		HideSolutionNode = FALSE
	EndGlobalSection
EndGlobal
